# This file is automatically @generated by Cargo.
# It is not intended for manual editing.
version = 4

[[package]]
name = "cad_app"
version = "0.1.0"
dependencies = [
 "cad_command",
 "cad_render",
]

[[package]]
name = "cad_batch"
version = "0.1.0"
dependencies = [
 "cad_core",
 "cad_io",
]

[[package]]
name = "cad_cli"
version = "0.1.0"
dependencies = [
 "cad_batch",
 "cad_core",
]

[[package]]
name = "cad_command"
version = "0.1.0"
dependencies = [
 "cad_core",
]

[[package]]
name = "cad_core"
version = "0.1.0"

[[package]]
name = "cad_geometry"
version = "0.1.0"
dependencies = [
 "cad_core",
]

[[package]]
name = "cad_io"
version = "0.1.0"
dependencies = [
 "cad_core",
]

[[package]]
name = "cad_render"
version = "0.1.0"
dependencies = [
 "cad_core",
]

[[package]]
name = "cad_tolerance"
version = "0.1.0"
dependencies = [
 "cad_core",
]
